
Microsoft Visual Studio Solution File, Format Version 12.00
# Visual Studio Version 17
VisualStudioVersion = 17.5.33424.131
MinimumVisualStudioVersion = 10.0.40219.1
Project("{8BC9CEB8-8B4A-11D0-8D11-00A0C91BC942}") = "D3D12ToyRenderer", "D3D12ToyRenderer\D3D12ToyRenderer.vcxproj", "{8E00E92F-BA59-42E9-97F3-4EE4CEA8B921}"
EndProject
Global
	GlobalSection(SolutionConfigurationPlatforms) = preSolution
		Debug|x64 = Debug|x64
		Debug|x86 = Debug|x86
		Release|x64 = Release|x64
		Release|x86 = Release|x86
	EndGlobalSection
	GlobalSection(ProjectConfigurationPlatforms) = postSolution
		{8E00E92F-BA59-42E9-97F3-4EE4CEA8B921}.Debug|x64.ActiveCfg = Debug|x64
		{8E00E92F-BA59-42E9-97F3-4EE4CEA8B921}.Debug|x64.Build.0 = Debug|x64
		{8E00E92F-BA59-42E9-97F3-4EE4CEA8B921}.Debug|x86.ActiveCfg = Debug|Win32
		{8E00E92F-BA59-42E9-97F3-4EE4CEA8B921}.Debug|x86.Build.0 = Debug|Win32
		{8E00E92F-BA59-42E9-97F3-4EE4CEA8B921}.Release|x64.ActiveCfg = Release|x64
		{8E00E92F-BA59-42E9-97F3-4EE4CEA8B921}.Release|x64.Build.0 = Release|x64
		{8E00E92F-BA59-42E9-97F3-4EE4CEA8B921}.Release|x86.ActiveCfg = Release|Win32
		{8E00E92F-BA59-42E9-97F3-4EE4CEA8B921}.Release|x86.Build.0 = Release|Win32
	EndGlobalSection
	GlobalSection(SolutionProperties) = preSolution
		HideSolutionNode = FALSE
	EndGlobalSection
	GlobalSection(ExtensibilityGlobals) = postSolution
		SolutionGuid = {BD23426E-36B1-4A42-AC85-6897AE49FF5B}
	EndGlobalSection
EndGlobal
